
Microsoft Visual Studio Solution File, Format Version 12.00
# Visual Studio Version 16
VisualStudioVersion = 16.0.29806.167
MinimumVisualStudioVersion = 10.0.40219.1
Project("{9A19103F-16F7-4668-BE54-9A1E7A4F7556}") = "BlazorMovie.Server", "BlazorApp1\Server\BlazorMovie.Server.csproj", "{98744653-F9A8-4CA1-9390-D5DBB2809B85}"
EndProject
Project("{9A19103F-16F7-4668-BE54-9A1E7A4F7556}") = "BlazorMovie.Client", "BlazorApp1\Client\BlazorMovie.Client.csproj", "{9EDB14ED-8EC4-4B0D-9181-D7BE058DE064}"
EndProject
Project("{9A19103F-16F7-4668-BE54-9A1E7A4F7556}") = "BlazorMovie.Shared", "BlazorApp1\Shared\BlazorMovie.Shared.csproj", "{41DB2832-8710-47D7-B88B-BAB8B00CA22A}"
EndProject
Global
	GlobalSection(SolutionConfigurationPlatforms) = preSolution
		Debug|Any CPU = Debug|Any CPU
		Release|Any CPU = Release|Any CPU
	EndGlobalSection
	GlobalSection(ProjectConfigurationPlatforms) = postSolution
		{98744653-F9A8-4CA1-9390-D5DBB2809B85}.Debug|Any CPU.ActiveCfg = Debug|Any CPU
		{98744653-F9A8-4CA1-9390-D5DBB2809B85}.Debug|Any CPU.Build.0 = Debug|Any CPU
		{98744653-F9A8-4CA1-9390-D5DBB2809B85}.Release|Any CPU.ActiveCfg = Release|Any CPU
		{98744653-F9A8-4CA1-9390-D5DBB2809B85}.Release|Any CPU.Build.0 = Release|Any CPU
		{9EDB14ED-8EC4-4B0D-9181-D7BE058DE064}.Debug|Any CPU.ActiveCfg = Debug|Any CPU
		{9EDB14ED-8EC4-4B0D-9181-D7BE058DE064}.Debug|Any CPU.Build.0 = Debug|Any CPU
		{9EDB14ED-8EC4-4B0D-9181-D7BE058DE064}.Release|Any CPU.ActiveCfg = Release|Any CPU
		{9EDB14ED-8EC4-4B0D-9181-D7BE058DE064}.Release|Any CPU.Build.0 = Release|Any CPU
		{41DB2832-8710-47D7-B88B-BAB8B00CA22A}.Debug|Any CPU.ActiveCfg = Debug|Any CPU
		{41DB2832-8710-47D7-B88B-BAB8B00CA22A}.Debug|Any CPU.Build.0 = Debug|Any CPU
		{41DB2832-8710-47D7-B88B-BAB8B00CA22A}.Release|Any CPU.ActiveCfg = Release|Any CPU
		{41DB2832-8710-47D7-B88B-BAB8B00CA22A}.Release|Any CPU.Build.0 = Release|Any CPU
	EndGlobalSection
	GlobalSection(SolutionProperties) = preSolution
		HideSolutionNode = FALSE
	EndGlobalSection
	GlobalSection(ExtensibilityGlobals) = postSolution
		SolutionGuid = {C0EB56BB-15AE-48B3-AF7E-F09CFDB2A866}
	EndGlobalSection
EndGlobal
